
Microsoft Visual Studio Solution File, Format Version 12.00
# Visual Studio Version 16
VisualStudioVersion = 16.0.29806.167
MinimumVisualStudioVersion = 10.0.40219.1
Project("{FAE04EC0-301F-11D3-BF4B-00C04F79EFBC}") = "Ispostback", "Ispostback\Ispostback.csproj", "{F67A7EE8-C010-430B-8A05-E9D9C6FF75E9}"
EndProject
Project("{FAE04EC0-301F-11D3-BF4B-00C04F79EFBC}") = "q5", "q5\q5.csproj", "{7C8A5003-FCB3-4A2C-9C58-7BF7E1382639}"
EndProject
Project("{FAE04EC0-301F-11D3-BF4B-00C04F79EFBC}") = "q7", "q7\q7.csproj", "{64D953E4-DC26-4491-A88E-9AE96F1D4ABE}"
EndProject
Project("{FAE04EC0-301F-11D3-BF4B-00C04F79EFBC}") = "Ques6", "Ques6\Ques6.csproj", "{D69F2E62-B2B6-40A0-8352-6C64B1FB0060}"
EndProject
Project("{FAE04EC0-301F-11D3-BF4B-00C04F79EFBC}") = "q9", "q8\q9.csproj", "{CBE1756C-0E66-4B07-B1CF-88F79A0DEF80}"
EndProject
Project("{FAE04EC0-301F-11D3-BF4B-00C04F79EFBC}") = "Ques8", "Ques8\Ques8.csproj", "{A30F4903-B322-420D-AAE5-B2ACC033C4E4}"
EndProject
Project("{FAE04EC0-301F-11D3-BF4B-00C04F79EFBC}") = "ques2", "ques2\ques2.csproj", "{379F8199-DC73-479C-8B4C-E2F59EC82D2C}"
EndProject
Global
	GlobalSection(SolutionConfigurationPlatforms) = preSolution
		Debug|Any CPU = Debug|Any CPU
		Release|Any CPU = Release|Any CPU
	EndGlobalSection
	GlobalSection(ProjectConfigurationPlatforms) = postSolution
		{F67A7EE8-C010-430B-8A05-E9D9C6FF75E9}.Debug|Any CPU.ActiveCfg = Debug|Any CPU
		{F67A7EE8-C010-430B-8A05-E9D9C6FF75E9}.Debug|Any CPU.Build.0 = Debug|Any CPU
		{F67A7EE8-C010-430B-8A05-E9D9C6FF75E9}.Release|Any CPU.ActiveCfg = Release|Any CPU
		{F67A7EE8-C010-430B-8A05-E9D9C6FF75E9}.Release|Any CPU.Build.0 = Release|Any CPU
		{7C8A5003-FCB3-4A2C-9C58-7BF7E1382639}.Debug|Any CPU.ActiveCfg = Debug|Any CPU
		{7C8A5003-FCB3-4A2C-9C58-7BF7E1382639}.Debug|Any CPU.Build.0 = Debug|Any CPU
		{7C8A5003-FCB3-4A2C-9C58-7BF7E1382639}.Release|Any CPU.ActiveCfg = Release|Any CPU
		{7C8A5003-FCB3-4A2C-9C58-7BF7E1382639}.Release|Any CPU.Build.0 = Release|Any CPU
		{64D953E4-DC26-4491-A88E-9AE96F1D4ABE}.Debug|Any CPU.ActiveCfg = Debug|Any CPU
		{64D953E4-DC26-4491-A88E-9AE96F1D4ABE}.Debug|Any CPU.Build.0 = Debug|Any CPU
		{64D953E4-DC26-4491-A88E-9AE96F1D4ABE}.Release|Any CPU.ActiveCfg = Release|Any CPU
		{64D953E4-DC26-4491-A88E-9AE96F1D4ABE}.Release|Any CPU.Build.0 = Release|Any CPU
		{D69F2E62-B2B6-40A0-8352-6C64B1FB0060}.Debug|Any CPU.ActiveCfg = Debug|Any CPU
		{D69F2E62-B2B6-40A0-8352-6C64B1FB0060}.Debug|Any CPU.Build.0 = Debug|Any CPU
		{D69F2E62-B2B6-40A0-8352-6C64B1FB0060}.Release|Any CPU.ActiveCfg = Release|Any CPU
		{D69F2E62-B2B6-40A0-8352-6C64B1FB0060}.Release|Any CPU.Build.0 = Release|Any CPU
		{CBE1756C-0E66-4B07-B1CF-88F79A0DEF80}.Debug|Any CPU.ActiveCfg = Debug|Any CPU
		{CBE1756C-0E66-4B07-B1CF-88F79A0DEF80}.Debug|Any CPU.Build.0 = Debug|Any CPU
		{CBE1756C-0E66-4B07-B1CF-88F79A0DEF80}.Release|Any CPU.ActiveCfg = Release|Any CPU
		{CBE1756C-0E66-4B07-B1CF-88F79A0DEF80}.Release|Any CPU.Build.0 = Release|Any CPU
		{A30F4903-B322-420D-AAE5-B2ACC033C4E4}.Debug|Any CPU.ActiveCfg = Debug|Any CPU
		{A30F4903-B322-420D-AAE5-B2ACC033C4E4}.Debug|Any CPU.Build.0 = Debug|Any CPU
		{A30F4903-B322-420D-AAE5-B2ACC033C4E4}.Release|Any CPU.ActiveCfg = Release|Any CPU
		{A30F4903-B322-420D-AAE5-B2ACC033C4E4}.Release|Any CPU.Build.0 = Release|Any CPU
		{379F8199-DC73-479C-8B4C-E2F59EC82D2C}.Debug|Any CPU.ActiveCfg = Debug|Any CPU
		{379F8199-DC73-479C-8B4C-E2F59EC82D2C}.Debug|Any CPU.Build.0 = Debug|Any CPU
		{379F8199-DC73-479C-8B4C-E2F59EC82D2C}.Release|Any CPU.ActiveCfg = Release|Any CPU
		{379F8199-DC73-479C-8B4C-E2F59EC82D2C}.Release|Any CPU.Build.0 = Release|Any CPU
	EndGlobalSection
	GlobalSection(SolutionProperties) = preSolution
		HideSolutionNode = FALSE
	EndGlobalSection
	GlobalSection(ExtensibilityGlobals) = postSolution
		SolutionGuid = {74102417-4B7B-46D5-91DC-0EFF0CB8814A}
	EndGlobalSection
EndGlobal
