
Microsoft Visual Studio Solution File, Format Version 12.00
# Visual Studio Version 16
VisualStudioVersion = 16.0.29806.167
MinimumVisualStudioVersion = 10.0.40219.1
Project("{FAE04EC0-301F-11D3-BF4B-00C04F79EFBC}") = "crud", "crud\crud.csproj", "{2C921E73-D903-4172-86FA-424F4775F6FD}"
EndProject
Global
	GlobalSection(SolutionConfigurationPlatforms) = preSolution
		Debug|Any CPU = Debug|Any CPU
		Release|Any CPU = Release|Any CPU
	EndGlobalSection
	GlobalSection(ProjectConfigurationPlatforms) = postSolution
		{2C921E73-D903-4172-86FA-424F4775F6FD}.Debug|Any CPU.ActiveCfg = Debug|Any CPU
		{2C921E73-D903-4172-86FA-424F4775F6FD}.Debug|Any CPU.Build.0 = Debug|Any CPU
		{2C921E73-D903-4172-86FA-424F4775F6FD}.Release|Any CPU.ActiveCfg = Release|Any CPU
		{2C921E73-D903-4172-86FA-424F4775F6FD}.Release|Any CPU.Build.0 = Release|Any CPU
	EndGlobalSection
	GlobalSection(SolutionProperties) = preSolution
		HideSolutionNode = FALSE
	EndGlobalSection
	GlobalSection(ExtensibilityGlobals) = postSolution
		SolutionGuid = {A81281B2-CBB4-45FE-B89E-018711F2BE2E}
	EndGlobalSection
EndGlobal
